{
  "name": "javascript",
  "version": "1.0.0",
  "lockfileVersion": 2,
  "requires": true,
  "packages": {
    "": {
      "name": "javascript",
      "version": "1.0.0",
      "license": "MIT",
      "dependencies": {
        "@zootools/email-spell-checker": "^1.8.3"
      }
    },
    "node_modules/@zootools/email-spell-checker": {
      "version": "1.8.3",
      "resolved": "https://registry.npmjs.org/@zootools/email-spell-checker/-/email-spell-checker-1.8.3.tgz",
      "integrity": "sha512-Pa9k/7NUJjJp4bjF707FvMz/tS426KGz5rE8MikruuoSqbvD+N9SuHhoBmaZVzIG+B7oUSl0hyIm/kBsgS+vXQ==",
      "engines": {
        "node": ">=12.0"
      }
    }
  },
  "dependencies": {
    "@zootools/email-spell-checker": {
      "version": "1.8.3",
      "resolved": "https://registry.npmjs.org/@zootools/email-spell-checker/-/email-spell-checker-1.8.3.tgz",
      "integrity": "sha512-Pa9k/7NUJjJp4bjF707FvMz/tS426KGz5rE8MikruuoSqbvD+N9SuHhoBmaZVzIG+B7oUSl0hyIm/kBsgS+vXQ=="
    }
  }
}
