{
  "name": "javascript",
  "version": "1.0.0",
  "lockfileVersion": 2,
  "requires": true,
  "packages": {
    "": {
      "name": "javascript",
      "version": "1.0.0",
      "license": "MIT",
      "dependencies": {
        "@zootools/email-spell-checker": "^1.8.1"
      }
    },
    "node_modules/@zootools/email-spell-checker": {
      "version": "1.8.1",
      "resolved": "https://registry.npmjs.org/@zootools/email-spell-checker/-/email-spell-checker-1.8.1.tgz",
      "integrity": "sha512-JlgC3iazr0V4lvyLOnZ2W/GZDnaYX2u3aCs+2Fvk/9+AEvgHtbsPbxf4AjDwiJKylIcJN5B2ugibcdxFOVW3ew==",
      "engines": {
        "node": ">=12.0"
      }
    }
  },
  "dependencies": {
    "@zootools/email-spell-checker": {
      "version": "1.8.1",
      "resolved": "https://registry.npmjs.org/@zootools/email-spell-checker/-/email-spell-checker-1.8.1.tgz",
      "integrity": "sha512-JlgC3iazr0V4lvyLOnZ2W/GZDnaYX2u3aCs+2Fvk/9+AEvgHtbsPbxf4AjDwiJKylIcJN5B2ugibcdxFOVW3ew=="
    }
  }
}
